
Microsoft Visual Studio Solution File, Format Version 12.00
# Visual Studio Version 16
VisualStudioVersion = 16.0.29503.13
MinimumVisualStudioVersion = 10.0.40219.1
Project("{9092AA53-FB77-4645-B42D-1CCCA6BD08BD}") = "FirstTryNodeAndReact", "FirstTryNodeAndReact\FirstTryNodeAndReact.njsproj", "{DA026055-4671-47AF-8F1B-32E6D0E8483B}"
EndProject
Global
	GlobalSection(SolutionConfigurationPlatforms) = preSolution
		Debug|Any CPU = Debug|Any CPU
		Release|Any CPU = Release|Any CPU
	EndGlobalSection
	GlobalSection(ProjectConfigurationPlatforms) = postSolution
		{DA026055-4671-47AF-8F1B-32E6D0E8483B}.Debug|Any CPU.ActiveCfg = Debug|Any CPU
		{DA026055-4671-47AF-8F1B-32E6D0E8483B}.Debug|Any CPU.Build.0 = Debug|Any CPU
		{DA026055-4671-47AF-8F1B-32E6D0E8483B}.Release|Any CPU.ActiveCfg = Release|Any CPU
		{DA026055-4671-47AF-8F1B-32E6D0E8483B}.Release|Any CPU.Build.0 = Release|Any CPU
	EndGlobalSection
	GlobalSection(SolutionProperties) = preSolution
		HideSolutionNode = FALSE
	EndGlobalSection
	GlobalSection(ExtensibilityGlobals) = postSolution
		SolutionGuid = {4FEF8E0F-8918-4C23-92BC-599C3F1AE06B}
	EndGlobalSection
EndGlobal
